
Microsoft Visual Studio Solution File, Format Version 12.00
# Visual Studio 15
Project("{FAE04EC0-301F-11D3-BF4B-00C04F79EFBC}") = "Assembly-CSharp", "Assembly-CSharp.csproj", "{9E0835E0-15C5-2F20-B395-CEB7794C1749}"
EndProject
Project("{FAE04EC0-301F-11D3-BF4B-00C04F79EFBC}") = "Assembly-CSharp-Editor", "Assembly-CSharp-Editor.csproj", "{8BC73559-5BFC-B69F-A737-9F4F0DA019CD}"
EndProject
Global
	GlobalSection(SolutionConfigurationPlatforms) = preSolution
		Debug|Any CPU = Debug|Any CPU
		Release|Any CPU = Release|Any CPU
	EndGlobalSection
	GlobalSection(ProjectConfigurationPlatforms) = postSolution
		{9E0835E0-15C5-2F20-B395-CEB7794C1749}.Debug|Any CPU.ActiveCfg = Debug|Any CPU
		{9E0835E0-15C5-2F20-B395-CEB7794C1749}.Debug|Any CPU.Build.0 = Debug|Any CPU
		{9E0835E0-15C5-2F20-B395-CEB7794C1749}.Release|Any CPU.ActiveCfg = Release|Any CPU
		{9E0835E0-15C5-2F20-B395-CEB7794C1749}.Release|Any CPU.Build.0 = Release|Any CPU
		{8BC73559-5BFC-B69F-A737-9F4F0DA019CD}.Debug|Any CPU.ActiveCfg = Debug|Any CPU
		{8BC73559-5BFC-B69F-A737-9F4F0DA019CD}.Debug|Any CPU.Build.0 = Debug|Any CPU
		{8BC73559-5BFC-B69F-A737-9F4F0DA019CD}.Release|Any CPU.ActiveCfg = Release|Any CPU
		{8BC73559-5BFC-B69F-A737-9F4F0DA019CD}.Release|Any CPU.Build.0 = Release|Any CPU
	EndGlobalSection
	GlobalSection(SolutionProperties) = preSolution
		HideSolutionNode = FALSE
	EndGlobalSection
EndGlobal
